// !$*UTF8*$!
{
	archiveVersion = 1;
	classes = {
	};
	objectVersion = 46;
	objects = {

/* Begin PBXBuildFile section */
		OBJ_28 /* EasingFunction.swift in Sources */ = {isa = PBXBuildFile; fileRef = OBJ_8 /* EasingFunction.swift */; };
		OBJ_29 /* Interpolable+CoreGraphics.swift in Sources */ = {isa = PBXBuildFile; fileRef = OBJ_9 /* Interpolable+CoreGraphics.swift */; };
		OBJ_30 /* Interpolable+UIKit.swift in Sources */ = {isa = PBXBuildFile; fileRef = OBJ_10 /* Interpolable+UIKit.swift */; };
		OBJ_31 /* Interpolable.swift in Sources */ = {isa = PBXBuildFile; fileRef = OBJ_11 /* Interpolable.swift */; };
		OBJ_32 /* Interpolation.swift in Sources */ = {isa = PBXBuildFile; fileRef = OBJ_12 /* Interpolation.swift */; };
		OBJ_39 /* EasingFunctionTests.swift in Sources */ = {isa = PBXBuildFile; fileRef = OBJ_15 /* EasingFunctionTests.swift */; };
		OBJ_40 /* Interpolable+CoreGraphicsTests.swift in Sources */ = {isa = PBXBuildFile; fileRef = OBJ_16 /* Interpolable+CoreGraphicsTests.swift */; };
		OBJ_41 /* Interpolable+UIKitTests.swift in Sources */ = {isa = PBXBuildFile; fileRef = OBJ_17 /* Interpolable+UIKitTests.swift */; };
		OBJ_42 /* InterpolableTests.swift in Sources */ = {isa = PBXBuildFile; fileRef = OBJ_18 /* InterpolableTests.swift */; };
		OBJ_43 /* InterpolationTests.swift in Sources */ = {isa = PBXBuildFile; fileRef = OBJ_19 /* InterpolationTests.swift */; };
		OBJ_45 /* Popsicle.framework in Frameworks */ = {isa = PBXBuildFile; fileRef = OBJ_21 /* Popsicle.framework */; };
/* End PBXBuildFile section */

/* Begin PBXContainerItemProxy section */
		D5F09F741F105E31006AFE9B /* PBXContainerItemProxy */ = {
			isa = PBXContainerItemProxy;
			containerPortal = OBJ_1 /* Project object */;
			proxyType = 1;
			remoteGlobalIDString = OBJ_23;
			remoteInfo = Popsicle;
		};
/* End PBXContainerItemProxy section */

/* Begin PBXFileReference section */
		OBJ_10 /* Interpolable+UIKit.swift */ = {isa = PBXFileReference; lastKnownFileType = sourcecode.swift; path = "Interpolable+UIKit.swift"; sourceTree = "<group>"; };
		OBJ_11 /* Interpolable.swift */ = {isa = PBXFileReference; lastKnownFileType = sourcecode.swift; path = Interpolable.swift; sourceTree = "<group>"; };
		OBJ_12 /* Interpolation.swift */ = {isa = PBXFileReference; lastKnownFileType = sourcecode.swift; path = Interpolation.swift; sourceTree = "<group>"; };
		OBJ_15 /* EasingFunctionTests.swift */ = {isa = PBXFileReference; lastKnownFileType = sourcecode.swift; path = EasingFunctionTests.swift; sourceTree = "<group>"; };
		OBJ_16 /* Interpolable+CoreGraphicsTests.swift */ = {isa = PBXFileReference; lastKnownFileType = sourcecode.swift; path = "Interpolable+CoreGraphicsTests.swift"; sourceTree = "<group>"; };
		OBJ_17 /* Interpolable+UIKitTests.swift */ = {isa = PBXFileReference; lastKnownFileType = sourcecode.swift; path = "Interpolable+UIKitTests.swift"; sourceTree = "<group>"; };
		OBJ_18 /* InterpolableTests.swift */ = {isa = PBXFileReference; lastKnownFileType = sourcecode.swift; path = InterpolableTests.swift; sourceTree = "<group>"; };
		OBJ_19 /* InterpolationTests.swift */ = {isa = PBXFileReference; lastKnownFileType = sourcecode.swift; path = InterpolationTests.swift; sourceTree = "<group>"; };
		OBJ_21 /* Popsicle.framework */ = {isa = PBXFileReference; explicitFileType = wrapper.framework; path = Popsicle.framework; sourceTree = BUILT_PRODUCTS_DIR; };
		OBJ_22 /* PopsicleTests.xctest */ = {isa = PBXFileReference; explicitFileType = wrapper.cfbundle; path = PopsicleTests.xctest; sourceTree = BUILT_PRODUCTS_DIR; };
		OBJ_6 /* Package.swift */ = {isa = PBXFileReference; explicitFileType = sourcecode.swift; path = Package.swift; sourceTree = "<group>"; };
		OBJ_8 /* EasingFunction.swift */ = {isa = PBXFileReference; lastKnownFileType = sourcecode.swift; path = EasingFunction.swift; sourceTree = "<group>"; };
		OBJ_9 /* Interpolable+CoreGraphics.swift */ = {isa = PBXFileReference; lastKnownFileType = sourcecode.swift; path = "Interpolable+CoreGraphics.swift"; sourceTree = "<group>"; };
/* End PBXFileReference section */

/* Begin PBXFrameworksBuildPhase section */
		OBJ_33 /* Frameworks */ = {
			isa = PBXFrameworksBuildPhase;
			buildActionMask = 0;
			files = (
			);
			runOnlyForDeploymentPostprocessing = 0;
		};
		OBJ_44 /* Frameworks */ = {
			isa = PBXFrameworksBuildPhase;
			buildActionMask = 0;
			files = (
				OBJ_45 /* Popsicle.framework in Frameworks */,
			);
			runOnlyForDeploymentPostprocessing = 0;
		};
/* End PBXFrameworksBuildPhase section */

/* Begin PBXGroup section */
		OBJ_13 /* Tests */ = {
			isa = PBXGroup;
			children = (
				OBJ_14 /* PopsicleTests */,
			);
			name = Tests;
			sourceTree = SOURCE_ROOT;
		};
		OBJ_14 /* PopsicleTests */ = {
			isa = PBXGroup;
			children = (
				OBJ_15 /* EasingFunctionTests.swift */,
				OBJ_16 /* Interpolable+CoreGraphicsTests.swift */,
				OBJ_17 /* Interpolable+UIKitTests.swift */,
				OBJ_18 /* InterpolableTests.swift */,
				OBJ_19 /* InterpolationTests.swift */,
			);
			name = PopsicleTests;
			path = Tests/PopsicleTests;
			sourceTree = SOURCE_ROOT;
		};
		OBJ_20 /* Products */ = {
			isa = PBXGroup;
			children = (
				OBJ_21 /* Popsicle.framework */,
				OBJ_22 /* PopsicleTests.xctest */,
			);
			name = Products;
			sourceTree = BUILT_PRODUCTS_DIR;
		};
		OBJ_5 /*  */ = {
			isa = PBXGroup;
			children = (
				OBJ_6 /* Package.swift */,
				OBJ_7 /* Sources */,
				OBJ_13 /* Tests */,
				OBJ_20 /* Products */,
			);
			name = "";
			sourceTree = "<group>";
		};
		OBJ_7 /* Sources */ = {
			isa = PBXGroup;
			children = (
				OBJ_8 /* EasingFunction.swift */,
				OBJ_9 /* Interpolable+CoreGraphics.swift */,
				OBJ_10 /* Interpolable+UIKit.swift */,
				OBJ_11 /* Interpolable.swift */,
				OBJ_12 /* Interpolation.swift */,
			);
			path = Sources;
			sourceTree = SOURCE_ROOT;
		};
/* End PBXGroup section */

/* Begin PBXNativeTarget section */
		OBJ_23 /* Popsicle */ = {
			isa = PBXNativeTarget;
			buildConfigurationList = OBJ_24 /* Build configuration list for PBXNativeTarget "Popsicle" */;
			buildPhases = (
				OBJ_27 /* Sources */,
				OBJ_33 /* Frameworks */,
			);
			buildRules = (
			);
			dependencies = (
			);
			name = Popsicle;
			productName = Popsicle;
			productReference = OBJ_21 /* Popsicle.framework */;
			productType = "com.apple.product-type.framework";
		};
		OBJ_34 /* PopsicleTests */ = {
			isa = PBXNativeTarget;
			buildConfigurationList = OBJ_35 /* Build configuration list for PBXNativeTarget "PopsicleTests" */;
			buildPhases = (
				OBJ_38 /* Sources */,
				OBJ_44 /* Frameworks */,
			);
			buildRules = (
			);
			dependencies = (
				OBJ_46 /* PBXTargetDependency */,
			);
			name = PopsicleTests;
			productName = PopsicleTests;
			productReference = OBJ_22 /* PopsicleTests.xctest */;
			productType = "com.apple.product-type.bundle.unit-test";
		};
/* End PBXNativeTarget section */

/* Begin PBXProject section */
		OBJ_1 /* Project object */ = {
			isa = PBXProject;
			attributes = {
				LastUpgradeCheck = 9999;
				TargetAttributes = {
					OBJ_23 = {
						LastSwiftMigration = 0900;
					};
					OBJ_34 = {
						LastSwiftMigration = 0900;
					};
				};
			};
			buildConfigurationList = OBJ_2 /* Build configuration list for PBXProject "Popsicle" */;
			compatibilityVersion = "Xcode 3.2";
			developmentRegion = English;
			hasScannedForEncodings = 0;
			knownRegions = (
				en,
			);
			mainGroup = OBJ_5 /*  */;
			productRefGroup = OBJ_20 /* Products */;
			projectDirPath = "";
			projectRoot = "";
			targets = (
				OBJ_23 /* Popsicle */,
				OBJ_34 /* PopsicleTests */,
			);
		};
/* End PBXProject section */

/* Begin PBXSourcesBuildPhase section */
		OBJ_27 /* Sources */ = {
			isa = PBXSourcesBuildPhase;
			buildActionMask = 0;
			files = (
				OBJ_28 /* EasingFunction.swift in Sources */,
				OBJ_29 /* Interpolable+CoreGraphics.swift in Sources */,
				OBJ_30 /* Interpolable+UIKit.swift in Sources */,
				OBJ_31 /* Interpolable.swift in Sources */,
				OBJ_32 /* Interpolation.swift in Sources */,
			);
			runOnlyForDeploymentPostprocessing = 0;
		};
		OBJ_38 /* Sources */ = {
			isa = PBXSourcesBuildPhase;
			buildActionMask = 0;
			files = (
				OBJ_39 /* EasingFunctionTests.swift in Sources */,
				OBJ_40 /* Interpolable+CoreGraphicsTests.swift in Sources */,
				OBJ_41 /* Interpolable+UIKitTests.swift in Sources */,
				OBJ_42 /* InterpolableTests.swift in Sources */,
				OBJ_43 /* InterpolationTests.swift in Sources */,
			);
			runOnlyForDeploymentPostprocessing = 0;
		};
/* End PBXSourcesBuildPhase section */

/* Begin PBXTargetDependency section */
		OBJ_46 /* PBXTargetDependency */ = {
			isa = PBXTargetDependency;
			target = OBJ_23 /* Popsicle */;
			targetProxy = D5F09F741F105E31006AFE9B /* PBXContainerItemProxy */;
		};
/* End PBXTargetDependency section */

/* Begin XCBuildConfiguration section */
		OBJ_25 /* Debug */ = {
			isa = XCBuildConfiguration;
			buildSettings = {
				ENABLE_TESTABILITY = YES;
				FRAMEWORK_SEARCH_PATHS = (
					"$(inherited)",
					"$(PLATFORM_DIR)/Developer/Library/Frameworks",
				);
				HEADER_SEARCH_PATHS = "$(inherited)";
				INFOPLIST_FILE = Popsicle.xcodeproj/Popsicle_Info.plist;
				LD_RUNPATH_SEARCH_PATHS = "$(TOOLCHAIN_DIR)/usr/lib/swift/macosx";
				OTHER_LDFLAGS = "$(inherited)";
				OTHER_SWIFT_FLAGS = "$(inherited)";
				PRODUCT_BUNDLE_IDENTIFIER = Popsicle;
				PRODUCT_MODULE_NAME = "$(TARGET_NAME:c99extidentifier)";
				PRODUCT_NAME = "$(TARGET_NAME:c99extidentifier)";
				SKIP_INSTALL = YES;
				SWIFT_SWIFT3_OBJC_INFERENCE = On;
				SWIFT_VERSION = 4.0;
				TARGET_NAME = Popsicle;
			};
			name = Debug;
		};
		OBJ_26 /* Release */ = {
			isa = XCBuildConfiguration;
			buildSettings = {
				ENABLE_TESTABILITY = YES;
				FRAMEWORK_SEARCH_PATHS = (
					"$(inherited)",
					"$(PLATFORM_DIR)/Developer/Library/Frameworks",
				);
				HEADER_SEARCH_PATHS = "$(inherited)";
				INFOPLIST_FILE = Popsicle.xcodeproj/Popsicle_Info.plist;
				LD_RUNPATH_SEARCH_PATHS = "$(TOOLCHAIN_DIR)/usr/lib/swift/macosx";
				OTHER_LDFLAGS = "$(inherited)";
				OTHER_SWIFT_FLAGS = "$(inherited)";
				PRODUCT_BUNDLE_IDENTIFIER = Popsicle;
				PRODUCT_MODULE_NAME = "$(TARGET_NAME:c99extidentifier)";
				PRODUCT_NAME = "$(TARGET_NAME:c99extidentifier)";
				SKIP_INSTALL = YES;
				SWIFT_SWIFT3_OBJC_INFERENCE = On;
				SWIFT_VERSION = 4.0;
				TARGET_NAME = Popsicle;
			};
			name = Release;
		};
		OBJ_3 /* Debug */ = {
			isa = XCBuildConfiguration;
			buildSettings = {
				CLANG_ENABLE_OBJC_ARC = YES;
				COMBINE_HIDPI_IMAGES = YES;
				COPY_PHASE_STRIP = NO;
				DEBUG_INFORMATION_FORMAT = dwarf;
				DYLIB_INSTALL_NAME_BASE = "@rpath";
				ENABLE_NS_ASSERTIONS = YES;
				GCC_OPTIMIZATION_LEVEL = 0;
				MACOSX_DEPLOYMENT_TARGET = 10.10;
				ONLY_ACTIVE_ARCH = YES;
				OTHER_SWIFT_FLAGS = "-DXcode";
				PRODUCT_NAME = "$(TARGET_NAME)";
				SDKROOT = macosx;
				SUPPORTED_PLATFORMS = "macosx iphoneos iphonesimulator appletvos appletvsimulator watchos watchsimulator";
				SWIFT_ACTIVE_COMPILATION_CONDITIONS = SWIFT_PACKAGE;
				SWIFT_OPTIMIZATION_LEVEL = "-Onone";
				SWIFT_VERSION = 3.0;
				USE_HEADERMAP = NO;
			};
			name = Debug;
		};
		OBJ_36 /* Debug */ = {
			isa = XCBuildConfiguration;
			buildSettings = {
				EMBEDDED_CONTENT_CONTAINS_SWIFT = YES;
				FRAMEWORK_SEARCH_PATHS = (
					"$(inherited)",
					"$(PLATFORM_DIR)/Developer/Library/Frameworks",
				);
				HEADER_SEARCH_PATHS = "$(inherited)";
				INFOPLIST_FILE = Popsicle.xcodeproj/PopsicleTests_Info.plist;
				LD_RUNPATH_SEARCH_PATHS = "@loader_path/../Frameworks @loader_path/Frameworks";
				OTHER_LDFLAGS = "$(inherited)";
				OTHER_SWIFT_FLAGS = "$(inherited)";
				SWIFT_SWIFT3_OBJC_INFERENCE = On;
				SWIFT_VERSION = 4.0;
				TARGET_NAME = PopsicleTests;
			};
			name = Debug;
		};
		OBJ_37 /* Release */ = {
			isa = XCBuildConfiguration;
			buildSettings = {
				EMBEDDED_CONTENT_CONTAINS_SWIFT = YES;
				FRAMEWORK_SEARCH_PATHS = (
					"$(inherited)",
					"$(PLATFORM_DIR)/Developer/Library/Frameworks",
				);
				HEADER_SEARCH_PATHS = "$(inherited)";
				INFOPLIST_FILE = Popsicle.xcodeproj/PopsicleTests_Info.plist;
				LD_RUNPATH_SEARCH_PATHS = "@loader_path/../Frameworks @loader_path/Frameworks";
				OTHER_LDFLAGS = "$(inherited)";
				OTHER_SWIFT_FLAGS = "$(inherited)";
				SWIFT_SWIFT3_OBJC_INFERENCE = On;
				SWIFT_VERSION = 4.0;
				TARGET_NAME = PopsicleTests;
			};
			name = Release;
		};
		OBJ_4 /* Release */ = {
			isa = XCBuildConfiguration;
			buildSettings = {
				CLANG_ENABLE_OBJC_ARC = YES;
				COMBINE_HIDPI_IMAGES = YES;
				COPY_PHASE_STRIP = YES;
				DEBUG_INFORMATION_FORMAT = "dwarf-with-dsym";
				DYLIB_INSTALL_NAME_BASE = "@rpath";
				GCC_OPTIMIZATION_LEVEL = s;
				MACOSX_DEPLOYMENT_TARGET = 10.10;
				OTHER_SWIFT_FLAGS = "-DXcode";
				PRODUCT_NAME = "$(TARGET_NAME)";
				SDKROOT = macosx;
				SUPPORTED_PLATFORMS = "macosx iphoneos iphonesimulator appletvos appletvsimulator watchos watchsimulator";
				SWIFT_ACTIVE_COMPILATION_CONDITIONS = SWIFT_PACKAGE;
				SWIFT_OPTIMIZATION_LEVEL = "-Owholemodule";
				SWIFT_VERSION = 3.0;
				USE_HEADERMAP = NO;
			};
			name = Release;
		};
/* End XCBuildConfiguration section */

/* Begin XCConfigurationList section */
		OBJ_2 /* Build configuration list for PBXProject "Popsicle" */ = {
			isa = XCConfigurationList;
			buildConfigurations = (
				OBJ_3 /* Debug */,
				OBJ_4 /* Release */,
			);
			defaultConfigurationIsVisible = 0;
			defaultConfigurationName = Debug;
		};
		OBJ_24 /* Build configuration list for PBXNativeTarget "Popsicle" */ = {
			isa = XCConfigurationList;
			buildConfigurations = (
				OBJ_25 /* Debug */,
				OBJ_26 /* Release */,
			);
			defaultConfigurationIsVisible = 0;
			defaultConfigurationName = Debug;
		};
		OBJ_35 /* Build configuration list for PBXNativeTarget "PopsicleTests" */ = {
			isa = XCConfigurationList;
			buildConfigurations = (
				OBJ_36 /* Debug */,
				OBJ_37 /* Release */,
			);
			defaultConfigurationIsVisible = 0;
			defaultConfigurationName = Debug;
		};
/* End XCConfigurationList section */
	};
	rootObject = OBJ_1 /* Project object */;
}
